
Microsoft Visual Studio Solution File, Format Version 12.00
# Visual Studio 14
VisualStudioVersion = 14.0.25420.1
MinimumVisualStudioVersion = 10.0.40219.1
Project("{FAE04EC0-301F-11D3-BF4B-00C04F79EFBC}") = "GP IO(ADO.NET Ders 2) Disconnected", "GP IO(ADO.NET Ders 2) Disconnected\GP IO(ADO.NET Ders 2) Disconnected.csproj", "{79777FB6-EC89-4351-894A-3E77B8C025BA}"
EndProject
Global
	GlobalSection(SolutionConfigurationPlatforms) = preSolution
		Debug|Any CPU = Debug|Any CPU
		Release|Any CPU = Release|Any CPU
	EndGlobalSection
	GlobalSection(ProjectConfigurationPlatforms) = postSolution
		{79777FB6-EC89-4351-894A-3E77B8C025BA}.Debug|Any CPU.ActiveCfg = Debug|Any CPU
		{79777FB6-EC89-4351-894A-3E77B8C025BA}.Debug|Any CPU.Build.0 = Debug|Any CPU
		{79777FB6-EC89-4351-894A-3E77B8C025BA}.Release|Any CPU.ActiveCfg = Release|Any CPU
		{79777FB6-EC89-4351-894A-3E77B8C025BA}.Release|Any CPU.Build.0 = Release|Any CPU
	EndGlobalSection
	GlobalSection(SolutionProperties) = preSolution
		HideSolutionNode = FALSE
	EndGlobalSection
EndGlobal
