
Microsoft Visual Studio Solution File, Format Version 12.00
# Visual Studio 14
VisualStudioVersion = 14.0.25420.1
MinimumVisualStudioVersion = 10.0.40219.1
Project("{FAE04EC0-301F-11D3-BF4B-00C04F79EFBC}") = "GP IO(ADO Ders 5) n-Tier Katmansal Mimar", "GP IO(ADO Ders 5) n-Tier Katmansal Mimar\GP IO(ADO Ders 5) n-Tier Katmansal Mimar.csproj", "{F1D40B75-B09E-45E3-BFB4-AA5D82F4378F}"
EndProject
Project("{FAE04EC0-301F-11D3-BF4B-00C04F79EFBC}") = "KuzeyYeli.ORM", "KuzeyYeli.ORM\KuzeyYeli.ORM.csproj", "{68FBE995-4A76-496D-99BF-B6F58B4CC2E8}"
EndProject
Global
	GlobalSection(SolutionConfigurationPlatforms) = preSolution
		Debug|Any CPU = Debug|Any CPU
		Release|Any CPU = Release|Any CPU
	EndGlobalSection
	GlobalSection(ProjectConfigurationPlatforms) = postSolution
		{F1D40B75-B09E-45E3-BFB4-AA5D82F4378F}.Debug|Any CPU.ActiveCfg = Debug|Any CPU
		{F1D40B75-B09E-45E3-BFB4-AA5D82F4378F}.Debug|Any CPU.Build.0 = Debug|Any CPU
		{F1D40B75-B09E-45E3-BFB4-AA5D82F4378F}.Release|Any CPU.ActiveCfg = Release|Any CPU
		{F1D40B75-B09E-45E3-BFB4-AA5D82F4378F}.Release|Any CPU.Build.0 = Release|Any CPU
		{68FBE995-4A76-496D-99BF-B6F58B4CC2E8}.Debug|Any CPU.ActiveCfg = Debug|Any CPU
		{68FBE995-4A76-496D-99BF-B6F58B4CC2E8}.Debug|Any CPU.Build.0 = Debug|Any CPU
		{68FBE995-4A76-496D-99BF-B6F58B4CC2E8}.Release|Any CPU.ActiveCfg = Release|Any CPU
		{68FBE995-4A76-496D-99BF-B6F58B4CC2E8}.Release|Any CPU.Build.0 = Release|Any CPU
	EndGlobalSection
	GlobalSection(SolutionProperties) = preSolution
		HideSolutionNode = FALSE
	EndGlobalSection
EndGlobal
